
Microsoft Visual Studio Solution File, Format Version 12.00
# Visual Studio Version 17
VisualStudioVersion = 17.5.33530.505
MinimumVisualStudioVersion = 10.0.40219.1
Project("{FAE04EC0-301F-11D3-BF4B-00C04F79EFBC}") = "Listagem De Alunos", "Listagem De Alunos\Listagem De Alunos.csproj", "{DD46F17C-0F39-42A5-A3EF-1EC81C9C1E40}"
EndProject
Global
	GlobalSection(SolutionConfigurationPlatforms) = preSolution
		Debug|Any CPU = Debug|Any CPU
		Release|Any CPU = Release|Any CPU
	EndGlobalSection
	GlobalSection(ProjectConfigurationPlatforms) = postSolution
		{DD46F17C-0F39-42A5-A3EF-1EC81C9C1E40}.Debug|Any CPU.ActiveCfg = Debug|Any CPU
		{DD46F17C-0F39-42A5-A3EF-1EC81C9C1E40}.Debug|Any CPU.Build.0 = Debug|Any CPU
		{DD46F17C-0F39-42A5-A3EF-1EC81C9C1E40}.Release|Any CPU.ActiveCfg = Release|Any CPU
		{DD46F17C-0F39-42A5-A3EF-1EC81C9C1E40}.Release|Any CPU.Build.0 = Release|Any CPU
	EndGlobalSection
	GlobalSection(SolutionProperties) = preSolution
		HideSolutionNode = FALSE
	EndGlobalSection
	GlobalSection(ExtensibilityGlobals) = postSolution
		SolutionGuid = {F0ADBF8F-EE3B-4193-B0B1-4392719FF8D5}
	EndGlobalSection
EndGlobal
